# THIS IS AN AUTOGENERATED FILE. DO NOT EDIT THIS FILE DIRECTLY.
# yarn lockfile v1


"@babel/runtime@^7.20.13":
  version "7.20.13"
  resolved "https://registry.yarnpkg.com/@babel/runtime/-/runtime-7.20.13.tgz#7055ab8a7cff2b8f6058bf6ae45ff84ad2aded4b"
  integrity sha512-gt3PKXs0DBoL9xCvOIIZ2NEqAGZqHjAnmVbfQtB620V0uReIQutpel14KcneZuer7UioY8ALKZ7iocavvzTNFA==
  dependencies:
    regenerator-runtime "^0.13.11"

"@turf/area@^6.5.0":
  version "6.5.0"
  resolved "https://registry.yarnpkg.com/@turf/area/-/area-6.5.0.tgz#1d0d7aee01d8a4a3d4c91663ed35cc615f36ad56"
  integrity sha512-xCZdiuojokLbQ+29qR6qoMD89hv+JAgWjLrwSEWL+3JV8IXKeNFl6XkEJz9HGkVpnXvQKJoRz4/liT+8ZZ5Jyg==
  dependencies:
    "@turf/helpers" "^6.5.0"
    "@turf/meta" "^6.5.0"

"@turf/centroid@^6.5.0":
  version "6.5.0"
  resolved "https://registry.yarnpkg.com/@turf/centroid/-/centroid-6.5.0.tgz#ecaa365412e5a4d595bb448e7dcdacfb49eb0009"
  integrity sha512-MwE1oq5E3isewPprEClbfU5pXljIK/GUOMbn22UM3IFPDJX0KeoyLNwghszkdmFp/qMGL/M13MMWvU+GNLXP/A==
  dependencies:
    "@turf/helpers" "^6.5.0"
    "@turf/meta" "^6.5.0"

"@turf/combine@^6.5.0":
  version "6.5.0"
  resolved "https://registry.yarnpkg.com/@turf/combine/-/combine-6.5.0.tgz#e0f3468ac9c09c24fa7184ebbd8a79d2e595ef81"
  integrity sha512-Q8EIC4OtAcHiJB3C4R+FpB4LANiT90t17uOd851qkM2/o6m39bfN5Mv0PWqMZIHWrrosZqRqoY9dJnzz/rJxYQ==
  dependencies:
    "@turf/helpers" "^6.5.0"
    "@turf/meta" "^6.5.0"

"@turf/helpers@^6.5.0":
  version "6.5.0"
  resolved "https://registry.yarnpkg.com/@turf/helpers/-/helpers-6.5.0.tgz#f79af094bd6b8ce7ed2bd3e089a8493ee6cae82e"
  integrity sha512-VbI1dV5bLFzohYYdgqwikdMVpe7pJ9X3E+dlr425wa2/sMJqYDhTO++ec38/pcPvPE6oD9WEEeU3Xu3gza+VPw==

"@turf/meta@^6.5.0":
  version "6.5.0"
  resolved "https://registry.yarnpkg.com/@turf/meta/-/meta-6.5.0.tgz#b725c3653c9f432133eaa04d3421f7e51e0418ca"
  integrity sha512-RrArvtsV0vdsCBegoBtOalgdSOfkBrTJ07VkpiCnq/491W67hnMWmDu7e6Ztw0C3WldRYTXkg3SumfdzZxLBHA==
  dependencies:
    "@turf/helpers" "^6.5.0"

"@types/geojson@^1.0.0":
  version "1.0.6"
  resolved "https://registry.yarnpkg.com/@types/geojson/-/geojson-1.0.6.tgz#3e02972728c69248c2af08d60a48cbb8680fffdf"
  integrity sha512-Xqg/lIZMrUd0VRmSRbCAewtwGZiAk3mEUDvV4op1tGl+LvyPcb/MIOSxTl9z+9+J+R4/vpjiCAT4xeKzH9ji1w==

"@types/geojson@^7946.0.0 || ^1.0.0":
  version "7946.0.10"
  resolved "https://registry.yarnpkg.com/@types/geojson/-/geojson-7946.0.10.tgz#6dfbf5ea17142f7f9a043809f1cd4c448cb68249"
  integrity sha512-Nmh0K3iWQJzniTuPRcJn5hxXkfB1T1pgB89SBig5PlJQU5yocazeu4jATJlaA0GYFKWMqDdvYemoSnF2pXgLVA==

ajv-keywords@^3.1.0:
  version "3.5.2"
  resolved "https://registry.yarnpkg.com/ajv-keywords/-/ajv-keywords-3.5.2.tgz#31f29da5ab6e00d1c2d329acf7b5929614d5014d"
  integrity sha512-5p6WTN0DdTGVQk6VjcEju19IgaHudalcfabD7yhDGeA6bcQnmL+CpveLJq/3hvfwd1aof6L386Ougkx6RfyMIQ==

ajv@^6.1.0:
  version "6.12.6"
  resolved "https://registry.yarnpkg.com/ajv/-/ajv-6.12.6.tgz#baf5a62e802b07d977034586f8c3baf5adf26df4"
  integrity sha512-j3fVLgvTo527anyYyJOGTYJbG+vnnQYvE0m5mmkc1TK+nxAppkCLMIL0aZ4dblVCNoGShhm+kzE4ZUykBoMg4g==
  dependencies:
    fast-deep-equal "^3.1.1"
    fast-json-stable-stringify "^2.0.0"
    json-schema-traverse "^0.4.1"
    uri-js "^4.2.2"

arg@^4.1.0:
  version "4.1.3"
  resolved "https://registry.yarnpkg.com/arg/-/arg-4.1.3.tgz#269fc7ad5b8e42cb63c896d5666017261c144089"
  integrity sha512-58S9QDqG0Xx27YwPSt9fJxivjYl432YCwfDMfZ+71RAqUrZef7LrKQZ3LHLOwCS4FLNBplP533Zx895SeOCHvA==

big.js@^5.2.2:
  version "5.2.2"
  resolved "https://registry.yarnpkg.com/big.js/-/big.js-5.2.2.tgz#65f0af382f578bcdc742bd9c281e9cb2d7768328"
  integrity sha512-vyL2OymJxmarO8gxMr0mhChsO9QGwhynfuu4+MHTAW6czfq9humCB7rKpUjDd9YUiDPU4mzpyupFSvOClAwbmQ==

buffer-from@^1.0.0:
  version "1.1.2"
  resolved "https://registry.yarnpkg.com/buffer-from/-/buffer-from-1.1.2.tgz#2b146a6fd72e80b4f55d255f35ed59a3a9a41bd5"
  integrity sha512-E+XQCRwSbaaiChtv6k6Dwgc+bx+Bs6vuKJHHl5kox/BaKbhiXzqQOwK4cO22yElGp2OCmjwVhT3HmxgyPGnJfQ==

calc-stats@^2.1.0:
  version "2.1.0"
  resolved "https://registry.yarnpkg.com/calc-stats/-/calc-stats-2.1.0.tgz#a35dd662d58e9b3e8dd162cfdf06f1b90a43dc90"
  integrity sha512-Zqilh7KFtsJbb3CfCGlwUHc+0MX9v6BUqMWQLZMp4c2UvUkd7D1dimP58l6drGObcGHmW7GjWwrG6NyACUh/0A==
  dependencies:
    iter-fun "^0.1.2"
    mediana "^1.0.3"
    preciso "^0.7.0"
    quick-resolve "^0.0.1"

callsites@^3.1.0:
  version "3.1.0"
  resolved "https://registry.yarnpkg.com/callsites/-/callsites-3.1.0.tgz#b3630abd8943432f54b3f0519238e33cd7df2f73"
  integrity sha512-P8BjAsXvZS+VIDUI11hHCQEv74YT67YUi5JJFNWIqL235sBmjX4+qx9Muvls5ivyNENctx46xQLQ3aTuE7ssaQ==

complex.js@^2.1.1:
  version "2.1.1"
  resolved "https://registry.yarnpkg.com/complex.js/-/complex.js-2.1.1.tgz#0675dac8e464ec431fb2ab7d30f41d889fb25c31"
  integrity sha512-8njCHOTtFFLtegk6zQo0kkVX1rngygb/KQI6z1qZxlFI3scluC+LVTCFbrkWjBv4vvLlbQ9t88IPMC6k95VTTg==

cross-fetch@^3.0.4, cross-fetch@^3.1.5:
  version "3.1.5"
  resolved "https://registry.yarnpkg.com/cross-fetch/-/cross-fetch-3.1.5.tgz#e1389f44d9e7ba767907f7af8454787952ab534f"
  integrity sha512-lvb1SBsI0Z7GDwmuid+mU3kWVBwTVUbe7S0H52yaaAdQOXq2YktTCZdlAcNKFzE6QtRz0snpw9bNiPeOIkkQvw==
  dependencies:
    node-fetch "2.6.7"

debug@^4.2.0:
  version "4.3.4"
  resolved "https://registry.yarnpkg.com/debug/-/debug-4.3.4.tgz#1319f6579357f2338d3337d2cdd4914bb5dcc865"
  integrity sha512-PRWFHuSU3eDtQJPvnNY7Jcket1j0t5OuOsFzPPzsekD52Zl8qUfFIPEiswXqIvHWGVHOgX+7G/vCNNhehwxfkQ==
  dependencies:
    ms "2.1.2"

decimal.js@^10.4.3:
  version "10.4.3"
  resolved "https://registry.yarnpkg.com/decimal.js/-/decimal.js-10.4.3.tgz#1044092884d245d1b7f65725fa4ad4c6f781cc23"
  integrity sha512-VBBaLc1MgL5XpzgIP7ny5Z6Nx3UrRkIViUkPUdtl9aya5amy3De1gsUUSB1g3+3sExYNjCAsAznmukyxCb1GRA==

diff@^4.0.1:
  version "4.0.2"
  resolved "https://registry.yarnpkg.com/diff/-/diff-4.0.2.tgz#60f3aecb89d5fae520c11aa19efc2bb982aade7d"
  integrity sha512-58lmxKSA4BNyLz+HHMUzlOEpg09FV+ev6ZMe3vJihgdxzgcwZ8VoEEPmALCZG9LmqfVoNMMKpttIYTVG6uDY7A==

dufour-peyton-intersection@^0.1.2:
  version "0.1.2"
  resolved "https://registry.yarnpkg.com/dufour-peyton-intersection/-/dufour-peyton-intersection-0.1.2.tgz#bf137fe8e710991a66bcf5ee5cdac7e4fcdcb5ed"
  integrity sha512-Q0XdwzclRl5JaAYHTZShFmofDeKPgrnki5KotDx4dJRfj63K1ikX/84ZYjkWjAz2xmDpcdRyL7O6PzNZF1HqOA==
  dependencies:
    get-depth "^0.0.3"

emojis-list@^3.0.0:
  version "3.0.0"
  resolved "https://registry.yarnpkg.com/emojis-list/-/emojis-list-3.0.0.tgz#5570662046ad29e2e916e71aae260abdff4f6a78"
  integrity sha512-/kyM18EfinwXZbno9FyUGeFh87KC8HRQBQGildHZbEuRyWFOmv1U10o9BBp8XVZDVNNuQKyIGIu5ZYAAXJ0V2Q==

escape-latex@^1.2.0:
  version "1.2.0"
  resolved "https://registry.yarnpkg.com/escape-latex/-/escape-latex-1.2.0.tgz#07c03818cf7dac250cce517f4fda1b001ef2bca1"
  integrity sha512-nV5aVWW1K0wEiUIEdZ4erkGGH8mDxGyxSeqPzRNtWP7ataw+/olFObw7hujFWlVjNsaDFw5VZ5NzVSIqRgfTiw==

esm@^3.2.25:
  version "3.2.25"
  resolved "https://registry.yarnpkg.com/esm/-/esm-3.2.25.tgz#342c18c29d56157688ba5ce31f8431fbb795cc10"
  integrity sha512-U1suiZ2oDVWv4zPO56S0NcR5QriEahGtdN2OR6FiOG4WJvcjBVFB0qI4+eKoWFH483PKGuLuu6V8Z4T5g63UVA==

fast-deep-equal@^3.1.1:
  version "3.1.3"
  resolved "https://registry.yarnpkg.com/fast-deep-equal/-/fast-deep-equal-3.1.3.tgz#3a7d56b559d6cbc3eb512325244e619a65c6c525"
  integrity sha512-f3qQ9oQy9j2AhBe/H9VC91wLmKBCCU/gDOnKNAYG5hswO7BLKj09Hc5HYNz9cGI++xlpDCIgDaitVs03ATR84Q==

fast-json-stable-stringify@^2.0.0:
  version "2.1.0"
  resolved "https://registry.yarnpkg.com/fast-json-stable-stringify/-/fast-json-stable-stringify-2.1.0.tgz#874bf69c6f404c2b5d99c481341399fd55892633"
  integrity sha512-lhd/wF+Lk98HZoTCtlVraHtfh5XYijIjalXck7saUtuanSDyLMxnHhSXEDJqHxD7msR8D0uCmqlkwjCV8xvwHw==

fast-max@^0.4.0:
  version "0.4.0"
  resolved "https://registry.yarnpkg.com/fast-max/-/fast-max-0.4.0.tgz#4b25f50d25562427246c5960acd5d2816db7d3c5"
  integrity sha512-ZFWr2nSmJFEspBre7s/l1cDnnR9g6xRLHZmS5LKUhxwT5ckUBw4jOT7qu50N/CmhuqYSTz/aRudjiCPTDGWC5A==
  dependencies:
    typed-array-ranges "^0.0.0"

fast-min@^0.3.0:
  version "0.3.0"
  resolved "https://registry.yarnpkg.com/fast-min/-/fast-min-0.3.0.tgz#37956284e2dbbfb6455f7ad3b1b087c193a45229"
  integrity sha512-6ZXmBVrCxR2BvabX2jGQIbDT0snlVJp9c9vM19jRHqotzb3XT9FSgpakgVaJqqHGyaBQxthqUxpc5MyUDIQ2fw==
  dependencies:
    typed-array-ranges "^0.0.0"

faster-median@^1.0.0:
  version "1.0.0"
  resolved "https://registry.yarnpkg.com/faster-median/-/faster-median-1.0.0.tgz#f0d310178b7bb46cde59fcef49774f504bf625e4"
  integrity sha512-EAjGGpEa0qqwihtu1z51E+FvnVC8gDJy7JyGLgZi4UH3dCMQuQNEIHtpLDqeqeCPA36zKcYCYqE79ZGL/kMTSA==
  dependencies:
    preciso "^0.5.0"

fraction.js@^4.2.0:
  version "4.2.0"
  resolved "https://registry.yarnpkg.com/fraction.js/-/fraction.js-4.2.0.tgz#448e5109a313a3527f5a3ab2119ec4cf0e0e2950"
  integrity sha512-MhLuK+2gUcnZe8ZHlaaINnQLl0xRIGRfcGk2yl8xoQAfHrSsL3rYu6FCmBdkdbhc9EPlwyGHewaRsvwRMJtAlA==

geoblaze@^1.2.0:
  version "1.2.0"
  resolved "https://registry.yarnpkg.com/geoblaze/-/geoblaze-1.2.0.tgz#f4a78e1b707790b40981768936c5fd5dbe9ba95e"
  integrity sha512-uUq35lXSWrHNc2SFCtRrwD41ssdMjTae9haBmxUTXy3n2KrrEnlJ33MgyN0pdnzg8mXNibJZGmw6E5UnrDY97Q==
  dependencies:
    "@turf/combine" "^6.5.0"
    calc-stats "^2.1.0"
    cross-fetch "^3.1.5"
    dufour-peyton-intersection "^0.1.2"
    fast-max "^0.4.0"
    fast-min "^0.3.0"
    faster-median "^1.0.0"
    georaster "^1.5.6"
    get-depth "^0.0.3"
    mathjs "^11.4.0"
    preciso "^0.8.0"
    proj4 "^2.8.0"
    proj4-fully-loaded "^0.2.0"
    quick-resolve "^0.0.1"
    reproject-bbox "^0.5.0"
    reproject-geojson "^0.3.0"
    snap-bbox "^0.3.0"
    terraformer-arcgis-parser "^1.1.0"
    underscore "^1.13.6"
    xdim "^1.10.0"

georaster-to-canvas@0.2.0:
  version "0.2.0"
  resolved "https://registry.yarnpkg.com/georaster-to-canvas/-/georaster-to-canvas-0.2.0.tgz#fb25bddf2c531ce3c4b31a30ee56a3bbbfb2a7ab"
  integrity sha512-Jt8xZU9T8wLk2aDXjz8QzA+KtrGcQ4qq5IHoAS2Llf216mcJxxkTgvDTnMXmDLZMApqNwjYyc3YKfN4yMj3NFw==

georaster@^1.5.6:
  version "1.5.6"
  resolved "https://registry.yarnpkg.com/georaster/-/georaster-1.5.6.tgz#6450865dde57293ef3855f61b4192400a6d38963"
  integrity sha512-eAvA03canaGrhtNOntrWqOWhZGWuBC58l3j0LdcySRbS2PjVaF98Rx2q9eRnJm4iDW9o8jBrDVru7/wuMqCeBw==
  dependencies:
    cross-fetch "^3.0.4"
    georaster-to-canvas "0.2.0"
    geotiff "1.0.0-beta.13"
    geotiff-palette "0.0.0"
    threads "^1.4.0"
    tiny-worker "^2.3.0"
    ts-node "^8.8.2"
    txml "3.1.2"
    underscore "^1.8.3"
    worker-loader "^2.0.0"
    xml-utils "^0.2.0"

geotiff-palette@0.0.0:
  version "0.0.0"
  resolved "https://registry.yarnpkg.com/geotiff-palette/-/geotiff-palette-0.0.0.tgz#dba1ef3ce03b695894ff094cdaf5fdf2b94c5ce7"
  integrity sha512-qri9e3f3+kMI6zLQgGCaxvD47bTkSwmI73Lw5BZEh+QEJuScRlas2Pv/R37hDpl6eDZEeBbx/7+96zdNWLAOug==

geotiff@1.0.0-beta.13:
  version "1.0.0-beta.13"
  resolved "https://registry.yarnpkg.com/geotiff/-/geotiff-1.0.0-beta.13.tgz#bd167c8ae3bf3b3d5c3b99f47dd0c1ef60dbf304"
  integrity sha512-B2H3sbM4PeuKrY/UVOZjzVdqHwHAuOCKhhkV1Xcj3CFnaDAoxJSEEVKNiziOrguv0pHyANJkyK0TSnPngHhjYg==
  dependencies:
    pako "^1.0.11"
    threads "^1.3.1"
    txml "^3.1.2"

get-depth@^0.0.3:
  version "0.0.3"
  resolved "https://registry.yarnpkg.com/get-depth/-/get-depth-0.0.3.tgz#42aa24f109a057b1a74cbd18d707e64f9da81ee3"
  integrity sha512-A0yWzxfqobOgDC/hGNwUYKfNlV8+WnU0EoHazVaXvLyp/I8e8f/Fx/HFS0r2i0RJ5mXj3YmyM8KSN4trtAdHvA==

inherits@^2.0.3, inherits@^2.0.4:
  version "2.0.4"
  resolved "https://registry.yarnpkg.com/inherits/-/inherits-2.0.4.tgz#0fa2c64f932917c3433a0ded55363aae37416b7c"
  integrity sha512-k/vGaX4/Yla3WzyMCvTQOXYeIHvqOKtnqBduzTHpzpQZzAskKMhZ2K+EnBiSM9zGSoIFeMpXKxa4dYeZIQqewQ==

is-observable@^2.1.0:
  version "2.1.0"
  resolved "https://registry.yarnpkg.com/is-observable/-/is-observable-2.1.0.tgz#5c8d733a0b201c80dff7bb7c0df58c6a255c7c69"
  integrity sha512-DailKdLb0WU+xX8K5w7VsJhapwHLZ9jjmazqCJq4X12CTgqq73TKnbRcnSLuXYPOoLQgV5IrD7ePiX/h1vnkBw==

iter-fun@^0.1.2:
  version "0.1.2"
  resolved "https://registry.yarnpkg.com/iter-fun/-/iter-fun-0.1.2.tgz#4738b12875c75e223415a2deedaa3603d01e9a40"
  integrity sha512-bPtGG2dnO3g8iOLVje8kid07v52bV3a0irP2ZYItgao2vDSmlyeV42GKz1U5MBAxBYZDMATRni6ndgEFqJN/Ig==

iter-fun@^0.2.0:
  version "0.2.0"
  resolved "https://registry.yarnpkg.com/iter-fun/-/iter-fun-0.2.0.tgz#e0d7d36b1b3df67d3834e2710b53412913611f7b"
  integrity sha512-8dYv+ptyps7LtrfqAYY8qqThAiX2eIDBGKc/kXdSrEMRJQoD8KhTOa+duECGghjsnkHEf9O8X6IS62jO+6xwhw==

javascript-natural-sort@^0.7.1:
  version "0.7.1"
  resolved "https://registry.yarnpkg.com/javascript-natural-sort/-/javascript-natural-sort-0.7.1.tgz#f9e2303d4507f6d74355a73664d1440fb5a0ef59"
  integrity sha512-nO6jcEfZWQXDhOiBtG2KvKyEptz7RVbpGP4vTD2hLBdmNQSsCiicO2Ioinv6UI4y9ukqnBpy+XZ9H6uLNgJTlw==

json-schema-traverse@^0.4.1:
  version "0.4.1"
  resolved "https://registry.yarnpkg.com/json-schema-traverse/-/json-schema-traverse-0.4.1.tgz#69f6a87d9513ab8bb8fe63bdb0979c448e684660"
  integrity sha512-xbbCH5dCYU5T8LcEhhuh7HJ88HXuW3qsI3Y0zOZFKfZEHcpWiHU/Jxzk629Brsab/mMiHQti9wMP+845RPe3Vg==

json5@^1.0.1:
  version "1.0.2"
  resolved "https://registry.yarnpkg.com/json5/-/json5-1.0.2.tgz#63d98d60f21b313b77c4d6da18bfa69d80e1d593"
  integrity sha512-g1MWMLBiz8FKi1e4w0UyVL3w+iJceWAFBAaBnnGKOpNa5f8TLktkbre1+s6oICydWAm+HRUGTmI+//xv2hvXYA==
  dependencies:
    minimist "^1.2.0"

loader-utils@^1.0.0:
  version "1.4.2"
  resolved "https://registry.yarnpkg.com/loader-utils/-/loader-utils-1.4.2.tgz#29a957f3a63973883eb684f10ffd3d151fec01a3"
  integrity sha512-I5d00Pd/jwMD2QCduo657+YM/6L3KZu++pmX9VFncxaxvHcru9jx1lBaFft+r4Mt2jK0Yhp41XlRAihzPxHNCg==
  dependencies:
    big.js "^5.2.2"
    emojis-list "^3.0.0"
    json5 "^1.0.1"

make-error@^1.1.1:
  version "1.3.6"
  resolved "https://registry.yarnpkg.com/make-error/-/make-error-1.3.6.tgz#2eb2e37ea9b67c4891f684a1394799af484cf7a2"
  integrity sha512-s8UhlNe7vPKomQhC1qFelMokr/Sc3AgNbso3n74mVPA5LTZwkB9NlXf4XPamLxJE8h0gh73rM94xvwRT2CVInw==

mathjs@^11.4.0:
  version "11.5.1"
  resolved "https://registry.yarnpkg.com/mathjs/-/mathjs-11.5.1.tgz#34198c17a9bc563bb83255cdbecb824a6b38e1a4"
  integrity sha512-9r35KHkpywim2hfYhJS3QHnKS7u61CODQcYPbJZ6Rov2jXDOAun07mM+8a7SRsJKfiMxtWWMJeiHQXTEnnHyoQ==
  dependencies:
    "@babel/runtime" "^7.20.13"
    complex.js "^2.1.1"
    decimal.js "^10.4.3"
    escape-latex "^1.2.0"
    fraction.js "^4.2.0"
    javascript-natural-sort "^0.7.1"
    seedrandom "^3.0.5"
    tiny-emitter "^2.1.0"
    typed-function "^4.1.0"

mediana@^1.0.3:
  version "1.0.3"
  resolved "https://registry.yarnpkg.com/mediana/-/mediana-1.0.3.tgz#44ecd3c7fe2fd9a1ed59f773237888e8c6ec3e8c"
  integrity sha512-VUmGLNile2IjOOnuxDAL0KawfXZy9QqiRT591JiHli0NrN1A0pQkb/cxIOul1wKcT4KjhatGdmUgSPKVx6kJhg==
  dependencies:
    preciso "^0.5.0"

mgrs@1.0.0:
  version "1.0.0"
  resolved "https://registry.yarnpkg.com/mgrs/-/mgrs-1.0.0.tgz#fb91588e78c90025672395cb40b25f7cd6ad1829"
  integrity sha512-awNbTOqCxK1DBGjalK3xqWIstBZgN6fxsMSiXLs9/spqWkF2pAhb2rrYCFSsr1/tT7PhcDGjZndG8SWYn0byYA==

minimist@^1.2.0:
  version "1.2.8"
  resolved "https://registry.yarnpkg.com/minimist/-/minimist-1.2.8.tgz#c1a464e7693302e082a075cee0c057741ac4772c"
  integrity sha512-2yyAR8qBkN3YuheJanUpWC5U3bb5osDywNB8RzDVlDwDHbocAJveqqj1u8+SVD7jkWT4yvsHCpWqqWqAxb0zCA==

ms@2.1.2:
  version "2.1.2"
  resolved "https://registry.yarnpkg.com/ms/-/ms-2.1.2.tgz#d09d1f357b443f493382a8eb3ccd183872ae6009"
  integrity sha512-sGkPx+VjMtmA6MX27oA4FBFELFCZZ4S4XqeGOXCv68tT+jb3vk/RyaKWP0PTKyWtmLSM0b+adUTEvbs1PEaH2w==

node-fetch@2.6.7:
  version "2.6.7"
  resolved "https://registry.yarnpkg.com/node-fetch/-/node-fetch-2.6.7.tgz#24de9fba827e3b4ae44dc8b20256a379160052ad"
  integrity sha512-ZjMPFEfVx5j+y2yF35Kzx5sF7kDzxuDj6ziH4FFbOp87zKDZNx8yExJIb05OGF4Nlt9IHFIMBkRl41VdvcNdbQ==
  dependencies:
    whatwg-url "^5.0.0"

observable-fns@^0.6.1:
  version "0.6.1"
  resolved "https://registry.yarnpkg.com/observable-fns/-/observable-fns-0.6.1.tgz#636eae4fdd1132e88c0faf38d33658cc79d87e37"
  integrity sha512-9gRK4+sRWzeN6AOewNBTLXir7Zl/i3GB6Yl26gK4flxz8BXVpD3kt8amREmWNb0mxYOGDotvE5a4N+PtGGKdkg==

pako@^1.0.11:
  version "1.0.11"
  resolved "https://registry.yarnpkg.com/pako/-/pako-1.0.11.tgz#6c9599d340d54dfd3946380252a35705a6b992bf"
  integrity sha512-4hLB8Py4zZce5s4yd9XzopqwVv/yGNhV1Bl8NTmCq1763HeK2+EwVTv+leGeL13Dnh2wfbqowVPXCIO0z4taYw==

preciso@^0.4.1:
  version "0.4.1"
  resolved "https://registry.yarnpkg.com/preciso/-/preciso-0.4.1.tgz#c5fdad4503459ff60b3c76d89eca2f5acb8fe6c4"
  integrity sha512-Hky7/yE7uQZcQoqmHiZtMl6uQ5TpEjjsd4hg0kPc8It2u5WgbrnCaACaFy3EJgE0vEnoXA1evzyaeChS1nN4Yw==

preciso@^0.5.0:
  version "0.5.0"
  resolved "https://registry.yarnpkg.com/preciso/-/preciso-0.5.0.tgz#8d27b47aa250a0e2d34aa1c5d1d56f06bc725dff"
  integrity sha512-t/DKHG7hVuhGYYQHOykZrhXdDhDuHsGtkzJgYofdTmxI6AgU60+wTwmT7nv+qFkpGnXr0KugZ1V3+2hTmhNkcg==

preciso@^0.7.0:
  version "0.7.1"
  resolved "https://registry.yarnpkg.com/preciso/-/preciso-0.7.1.tgz#36b3f8cc0b03c58d5e06b8dbda2de8744eccab8f"
  integrity sha512-q5yF3WNfgHy2buLwkGKsFGXerd65TtMttF2TcDHNp/A0AJGAVa3glR5FsquLOGEB1oZnFU1veOI9t1K1az6cwQ==

preciso@^0.8.0:
  version "0.8.0"
  resolved "https://registry.yarnpkg.com/preciso/-/preciso-0.8.0.tgz#a25f08b568844dc52bd73db2dba5b0e46b7172b0"
  integrity sha512-bSCrg5D95IPXXltZu36PdY4HwITyB5l+rVYMJSzWtfIWp+1+2lz2SW3HZm6ifQgEIWOmDbhihepo2NWOWLyP/Q==

proj4-fully-loaded@^0.2.0:
  version "0.2.0"
  resolved "https://registry.yarnpkg.com/proj4-fully-loaded/-/proj4-fully-loaded-0.2.0.tgz#2871046cb21b0d7d44ccab70b233d620b9809057"
  integrity sha512-9rlkLe9+l8iFpviYiQjdHbw9d3iOmUAF1UlbaVkofvbI26/0/EOWtYku9ln+dJuAovrqHyoJ984G5/edQxvHng==
  dependencies:
    proj4 "^2.8.0"
    proj4js-definitions "^0.1.0"

proj4-merge@^0.1.1:
  version "0.1.1"
  resolved "https://registry.yarnpkg.com/proj4-merge/-/proj4-merge-0.1.1.tgz#435d5c78e5aa73aec206453d2021e2f91e2534f5"
  integrity sha512-Ac9W5jgOAqPRspA9fMuRuLs0weDuOCHK7nnd6yOAySzLaxrmq1ZxbCTKVt6pIEOPB3RpgcupBOU3KXmQM0m8rg==

proj4@^2.8.0:
  version "2.8.1"
  resolved "https://registry.yarnpkg.com/proj4/-/proj4-2.8.1.tgz#9605cb8e8c83005c1eae3417e4b8b4050cbeee50"
  integrity sha512-KK/bgM6oIwxdpeCaJ/JK3V1D8LMQCKKKzndab4/pYQNd+NVKTcddUNtds053Q110GxTALXVjx98L9f5q8xPVXQ==
  dependencies:
    mgrs "1.0.0"
    wkt-parser "^1.3.1"

proj4js-definitions@^0.1.0:
  version "0.1.0"
  resolved "https://registry.yarnpkg.com/proj4js-definitions/-/proj4js-definitions-0.1.0.tgz#4cb6fffc12c19984040c1370e30d39743e66d18c"
  integrity sha512-qmyhkWihIa3E3ZiFsNxvap6oS5+zEH85felbe/YVFuCr1E2j5yUrNQUOU9UEbvKkRJW9kk0MhENtbW3+9Nnr3g==

punycode@^2.1.0:
  version "2.3.0"
  resolved "https://registry.yarnpkg.com/punycode/-/punycode-2.3.0.tgz#f67fa67c94da8f4d0cfff981aee4118064199b8f"
  integrity sha512-rRV+zQD8tVFys26lAGR9WUuS4iUAngJScM+ZRSKtvl5tKeZ2t5bvdNFdNHBW9FWR4guGHlgmsZ1G7BSm2wTbuA==

quick-resolve@^0.0.1:
  version "0.0.1"
  resolved "https://registry.yarnpkg.com/quick-resolve/-/quick-resolve-0.0.1.tgz#34d9511519f21039117d9f466cbe01c653ead1c0"
  integrity sha512-rYcEOLRDlK+EgiiJzGAid9ybKCFZAh+HgVX8ZztlTEpvdGHVS4PSA4zyzjaL5pC2kx+R/E2fScCirdRNQvLwFA==

"readable-stream@2 || 3":
  version "3.6.0"
  resolved "https://registry.yarnpkg.com/readable-stream/-/readable-stream-3.6.0.tgz#337bbda3adc0706bd3e024426a286d4b4b2c9198"
  integrity sha512-BViHy7LKeTz4oNnkcLJ+lVSL6vpiFeX6/d3oSH8zCW7UxP2onchk+vTGB143xuFjHS3deTgkKoXXymXqymiIdA==
  dependencies:
    inherits "^2.0.3"
    string_decoder "^1.1.1"
    util-deprecate "^1.0.1"

regenerator-runtime@^0.13.11:
  version "0.13.11"
  resolved "https://registry.yarnpkg.com/regenerator-runtime/-/regenerator-runtime-0.13.11.tgz#f6dca3e7ceec20590d07ada785636a90cdca17f9"
  integrity sha512-kY1AZVr2Ra+t+piVaJ4gxaFaReZVH40AKNo7UCX6W+dEwBo/2oZJzqfuN1qLq1oL45o56cPaTXELwrTh8Fpggg==

reproject-bbox@^0.5.0:
  version "0.5.0"
  resolved "https://registry.yarnpkg.com/reproject-bbox/-/reproject-bbox-0.5.0.tgz#fbd66b201bf5b8cc6ef56b16401e939cc64fdfa8"
  integrity sha512-LTC59EO6h+tIlJmjhekzzmyQoPvPlWASMP7/slu32uyWNwCIF1/8VYz3StyLFGn1/BSFjCHdma7GESWg4P9geA==
  dependencies:
    proj4-fully-loaded "^0.2.0"
    proj4-merge "^0.1.1"

reproject-geojson@^0.3.0:
  version "0.3.0"
  resolved "https://registry.yarnpkg.com/reproject-geojson/-/reproject-geojson-0.3.0.tgz#55f5fd552a72d5f82506d88c3fa583016adb47b5"
  integrity sha512-iVwsKvquzLUTk06dMwlbFM1c45yM6nNwYT7+sCzC+sG3wOmBMDqu29e5OZeNvqL2WCwL68kGqvRk2lZj2yNqFg==
  dependencies:
    get-depth "^0.0.3"
    proj4-fully-loaded "^0.2.0"

safe-buffer@~5.2.0:
  version "5.2.1"
  resolved "https://registry.yarnpkg.com/safe-buffer/-/safe-buffer-5.2.1.tgz#1eaf9fa9bdb1fdd4ec75f58f9cdb4e6b7827eec6"
  integrity sha512-rp3So07KcdmmKbGvgaNxQSJr7bGVSVk5S9Eq1F+ppbRo70+YeaDxkw5Dd8NPN+GD6bjnYm2VuPuCXmpuYvmCXQ==

schema-utils@^0.4.0:
  version "0.4.7"
  resolved "https://registry.yarnpkg.com/schema-utils/-/schema-utils-0.4.7.tgz#ba74f597d2be2ea880131746ee17d0a093c68187"
  integrity sha512-v/iwU6wvwGK8HbU9yi3/nhGzP0yGSuhQMzL6ySiec1FSrZZDkhm4noOSWzrNFo/jEc+SJY6jRTwuwbSXJPDUnQ==
  dependencies:
    ajv "^6.1.0"
    ajv-keywords "^3.1.0"

seedrandom@^3.0.5:
  version "3.0.5"
  resolved "https://registry.yarnpkg.com/seedrandom/-/seedrandom-3.0.5.tgz#54edc85c95222525b0c7a6f6b3543d8e0b3aa0a7"
  integrity sha512-8OwmbklUNzwezjGInmZ+2clQmExQPvomqjL7LFqOYqtmuxRgQYqOD3mHaU+MvZn5FLUeVxVfQjwLZW/n/JFuqg==

snap-bbox@^0.3.0:
  version "0.3.0"
  resolved "https://registry.yarnpkg.com/snap-bbox/-/snap-bbox-0.3.0.tgz#0dbd2abe161cd6db5a1be458f133ccf820609a92"
  integrity sha512-TUgWi3Ji05mb+cp7ym2qfId8d7OIUdqYGfVXe/HPQP/SbRR5Z4tjNPhb1JxjqftZR4aPYWMBL8oyPpzmixgitA==
  dependencies:
    preciso "^0.4.1"

source-map-support@^0.5.17:
  version "0.5.21"
  resolved "https://registry.yarnpkg.com/source-map-support/-/source-map-support-0.5.21.tgz#04fe7c7f9e1ed2d662233c28cb2b35b9f63f6e4f"
  integrity sha512-uBHU3L3czsIyYXKX88fdrGovxdSCoTGDRZ6SYXtSRxLZUzHg5P/66Ht6uoUlHu9EZod+inXhKo3qQgwXUT/y1w==
  dependencies:
    buffer-from "^1.0.0"
    source-map "^0.6.0"

source-map@^0.6.0:
  version "0.6.1"
  resolved "https://registry.yarnpkg.com/source-map/-/source-map-0.6.1.tgz#74722af32e9614e9c287a8d0bbde48b5e2f1a263"
  integrity sha512-UjgapumWlbMhkBgzT7Ykc5YXUT46F0iKu8SGXq0bcwP5dz/h0Plj6enJqjz1Zbq2l5WaqYnrVbwWOWMyF3F47g==

string_decoder@^1.1.1:
  version "1.3.0"
  resolved "https://registry.yarnpkg.com/string_decoder/-/string_decoder-1.3.0.tgz#42f114594a46cf1a8e30b0a84f56c78c3edac21e"
  integrity sha512-hkRX8U1WjJFd8LsDJ2yQ/wWWxaopEsABU1XfkM8A+j0+85JAGppt16cr1Whg6KIbb4okU6Mql6BOj+uup/wKeA==
  dependencies:
    safe-buffer "~5.2.0"

terraformer-arcgis-parser@^1.1.0:
  version "1.1.0"
  resolved "https://registry.yarnpkg.com/terraformer-arcgis-parser/-/terraformer-arcgis-parser-1.1.0.tgz#6048d5072615d855ca53739b329435869e5f9eb8"
  integrity sha512-bvxEtpiS22Lz1ciaXP/MMLTlJkrHWLBV/y7VBeTLHtZnz/Ngq4wF3RqrpjzP6ojJjxvcdDlvs+UFs3wicoT1Vg==
  dependencies:
    "@types/geojson" "^1.0.0"
    terraformer "~1.0.4"

terraformer@~1.0.4:
  version "1.0.12"
  resolved "https://registry.yarnpkg.com/terraformer/-/terraformer-1.0.12.tgz#39e08f9c753606421acce02e122440c72dfa12d3"
  integrity sha512-MokUp0+MFal4CmJDVL6VAO1bKegeXcBM2RnPVfqcFIp2IIv8EbPAjG0j/vEy/vuKB8NVMMSF2vfpVS/QLe4DBg==
  optionalDependencies:
    "@types/geojson" "^7946.0.0 || ^1.0.0"

threads@^1.3.1, threads@^1.4.0:
  version "1.7.0"
  resolved "https://registry.yarnpkg.com/threads/-/threads-1.7.0.tgz#d9e9627bfc1ef22ada3b733c2e7558bbe78e589c"
  integrity sha512-Mx5NBSHX3sQYR6iI9VYbgHKBLisyB+xROCBGjjWm1O9wb9vfLxdaGtmT/KCjUqMsSNW6nERzCW3T6H43LqjDZQ==
  dependencies:
    callsites "^3.1.0"
    debug "^4.2.0"
    is-observable "^2.1.0"
    observable-fns "^0.6.1"
  optionalDependencies:
    tiny-worker ">= 2"

through2@^3.0.1:
  version "3.0.2"
  resolved "https://registry.yarnpkg.com/through2/-/through2-3.0.2.tgz#99f88931cfc761ec7678b41d5d7336b5b6a07bf4"
  integrity sha512-enaDQ4MUyP2W6ZyT6EsMzqBPZaM/avg8iuo+l2d3QCs0J+6RaqkHV/2/lOwDTueBHeJ/2LG9lrLW3d5rWPucuQ==
  dependencies:
    inherits "^2.0.4"
    readable-stream "2 || 3"

tiny-emitter@^2.1.0:
  version "2.1.0"
  resolved "https://registry.yarnpkg.com/tiny-emitter/-/tiny-emitter-2.1.0.tgz#1d1a56edfc51c43e863cbb5382a72330e3555423"
  integrity sha512-NB6Dk1A9xgQPMoGqC5CVXn123gWyte215ONT5Pp5a0yt4nlEoO1ZWeCwpncaekPHXO60i47ihFnZPiRPjRMq4Q==

"tiny-worker@>= 2", tiny-worker@^2.3.0:
  version "2.3.0"
  resolved "https://registry.yarnpkg.com/tiny-worker/-/tiny-worker-2.3.0.tgz#715ae34304c757a9af573ae9a8e3967177e6011e"
  integrity sha512-pJ70wq5EAqTAEl9IkGzA+fN0836rycEuz2Cn6yeZ6FRzlVS5IDOkFHpIoEsksPRQV34GDqXm65+OlnZqUSyK2g==
  dependencies:
    esm "^3.2.25"

tr46@~0.0.3:
  version "0.0.3"
  resolved "https://registry.yarnpkg.com/tr46/-/tr46-0.0.3.tgz#8184fd347dac9cdc185992f3a6622e14b9d9ab6a"
  integrity sha512-N3WMsuqV66lT30CrXNbEjx4GEwlow3v6rr4mCcv6prnfwhS01rkgyFdjPNBYd9br7LpXV1+Emh01fHnq2Gdgrw==

ts-node@^8.8.2:
  version "8.10.2"
  resolved "https://registry.yarnpkg.com/ts-node/-/ts-node-8.10.2.tgz#eee03764633b1234ddd37f8db9ec10b75ec7fb8d"
  integrity sha512-ISJJGgkIpDdBhWVu3jufsWpK3Rzo7bdiIXJjQc0ynKxVOVcg2oIrf2H2cejminGrptVc6q6/uynAHNCuWGbpVA==
  dependencies:
    arg "^4.1.0"
    diff "^4.0.1"
    make-error "^1.1.1"
    source-map-support "^0.5.17"
    yn "3.1.1"

txml@3.1.2:
  version "3.1.2"
  resolved "https://registry.yarnpkg.com/txml/-/txml-3.1.2.tgz#b4e3aa8519167d33f1542665b1e3537a15643c0c"
  integrity sha512-h2VijIuIqTb5qUUFOZxHc9oTHvLG+YNv0QCr33RfhiaX2sibLFHcPu45b2niGY9F16XXx+N3GudazyhJG2xEhQ==
  dependencies:
    through2 "^3.0.1"

txml@^3.1.2:
  version "3.2.5"
  resolved "https://registry.yarnpkg.com/txml/-/txml-3.2.5.tgz#607eeef7e021dba8c6dd173b3971b12443deb9ec"
  integrity sha512-AtN8AgJLiDanttIXJaQlxH8/R0NOCNwto8kcO7BaxdLgsN9b7itM9lnTD7c2O3TadP+hHB9j7ra5XGFRPNnk/g==
  dependencies:
    through2 "^3.0.1"

type-fest@^3.2.0:
  version "3.5.7"
  resolved "https://registry.yarnpkg.com/type-fest/-/type-fest-3.5.7.tgz#1ee9efc9a172f4002c40b896689928a7bba537f2"
  integrity sha512-6J4bYzb4sdkcLBty4XW7F18VPI66M4boXNE+CY40532oq2OJe6AVMB5NmjOp6skt/jw5mRjz/hLRpuglz0U+FA==

typed-array-ranges@^0.0.0:
  version "0.0.0"
  resolved "https://registry.yarnpkg.com/typed-array-ranges/-/typed-array-ranges-0.0.0.tgz#7f9cb80b8aa7fb29d0cfb2f7910a0647df6ff01e"
  integrity sha512-f8IjaA5ELCg0QWdUzep2Ru8CjBHmlDurAwu2L5mOiRdv0KZnpiPnWbZX3fvRHk/AKuglwXV/F7O/tIK3nzLmHQ==

typed-function@^4.1.0:
  version "4.1.0"
  resolved "https://registry.yarnpkg.com/typed-function/-/typed-function-4.1.0.tgz#da4bdd8a6d19a89e22732f75e4a410860aaf9712"
  integrity sha512-DGwUl6cioBW5gw2L+6SMupGwH/kZOqivy17E4nsh1JI9fKF87orMmlQx3KISQPmg3sfnOUGlwVkroosvgddrlg==

underscore@^1.13.6, underscore@^1.8.3:
  version "1.13.6"
  resolved "https://registry.yarnpkg.com/underscore/-/underscore-1.13.6.tgz#04786a1f589dc6c09f761fc5f45b89e935136441"
  integrity sha512-+A5Sja4HP1M08MaXya7p5LvjuM7K6q/2EaC0+iovj/wOcMsTzMvDFbasi/oSapiwOlt252IqsKqPjCl7huKS0A==

uri-js@^4.2.2:
  version "4.4.1"
  resolved "https://registry.yarnpkg.com/uri-js/-/uri-js-4.4.1.tgz#9b1a52595225859e55f669d928f88c6c57f2a77e"
  integrity sha512-7rKUyy33Q1yc98pQ1DAmLtwX109F7TIfWlW1Ydo8Wl1ii1SeHieeh0HHfPeL2fMXK6z0s8ecKs9frCuLJvndBg==
  dependencies:
    punycode "^2.1.0"

util-deprecate@^1.0.1:
  version "1.0.2"
  resolved "https://registry.yarnpkg.com/util-deprecate/-/util-deprecate-1.0.2.tgz#450d4dc9fa70de732762fbd2d4a28981419a0ccf"
  integrity sha512-EPD5q1uXyFxJpCrLnCc1nHnq3gOa6DZBocAIiI2TaSCA7VCJ1UJDMagCzIkXNsUYfD1daK//LTEQ8xiIbrHtcw==

webidl-conversions@^3.0.0:
  version "3.0.1"
  resolved "https://registry.yarnpkg.com/webidl-conversions/-/webidl-conversions-3.0.1.tgz#24534275e2a7bc6be7bc86611cc16ae0a5654871"
  integrity sha512-2JAn3z8AR6rjK8Sm8orRC0h/bcl/DqL7tRPdGZ4I1CjdF+EaMLmYxBHyXuKL849eucPFhvBoxMsflfOb8kxaeQ==

whatwg-url@^5.0.0:
  version "5.0.0"
  resolved "https://registry.yarnpkg.com/whatwg-url/-/whatwg-url-5.0.0.tgz#966454e8765462e37644d3626f6742ce8b70965d"
  integrity sha512-saE57nupxk6v3HY35+jzBwYa0rKSy0XR8JSxZPwgLr7ys0IBzhGviA1/TUGJLmSVqs8pb9AnvICXEuOHLprYTw==
  dependencies:
    tr46 "~0.0.3"
    webidl-conversions "^3.0.0"

wkt-parser@^1.3.1:
  version "1.3.2"
  resolved "https://registry.yarnpkg.com/wkt-parser/-/wkt-parser-1.3.2.tgz#deeff04a21edc5b170a60da418e9ed1d1ab0e219"
  integrity sha512-A26BOOo7sHAagyxG7iuRhnKMO7Q3mEOiOT4oGUmohtN/Li5wameeU4S6f8vWw6NADTVKljBs8bzA8JPQgSEMVQ==

worker-loader@^2.0.0:
  version "2.0.0"
  resolved "https://registry.yarnpkg.com/worker-loader/-/worker-loader-2.0.0.tgz#45fda3ef76aca815771a89107399ee4119b430ac"
  integrity sha512-tnvNp4K3KQOpfRnD20m8xltE3eWh89Ye+5oj7wXEEHKac1P4oZ6p9oTj8/8ExqoSBnk9nu5Pr4nKfQ1hn2APJw==
  dependencies:
    loader-utils "^1.0.0"
    schema-utils "^0.4.0"

xdim@^1.10.0:
  version "1.10.1"
  resolved "https://registry.yarnpkg.com/xdim/-/xdim-1.10.1.tgz#4b725aacacdd70cb17c5a8d772c7e431261e1e79"
  integrity sha512-s2mZzb+tPRHt3FEcNaEDQqVXBNaPwhoemJNUujFyRYuuJjK3rHVZ/oeSJTNBpaVFTDgdia64acY0SN9unocqwA==
  dependencies:
    iter-fun "^0.2.0"
    type-fest "^3.2.0"

xml-utils@^0.2.0:
  version "0.2.0"
  resolved "https://registry.yarnpkg.com/xml-utils/-/xml-utils-0.2.0.tgz#1c9451e378dfbcd681c5265f70409422dd1bfaa8"
  integrity sha512-xun/4Ls9hrelX0dSMS6HH5wAWNspUs4/VmG+xOVALqYqMQXMy/1WKeiRR5nhYbMCp5UG/YF6XaSdU3AvwgxVSQ==

yn@3.1.1:
  version "3.1.1"
  resolved "https://registry.yarnpkg.com/yn/-/yn-3.1.1.tgz#1e87401a09d767c1d5eab26a6e4c185182d2eb50"
  integrity sha512-Ux4ygGWsu2c7isFWe8Yu1YluJmqVhxqK2cLXNQA5AcC3QfbGNpM7fu0Y8b/z16pXLnFxZYvWhd3fhBY9DLmC6Q==
